
Microsoft Visual Studio Solution File, Format Version 12.00
# Visual Studio Version 17
VisualStudioVersion = 17.14.36301.6
MinimumVisualStudioVersion = 10.0.40219.1
Project("{FAE04EC0-301F-11D3-BF4B-00C04F79EFBC}") = "AdPlatform.Api", "AdPlatform.Api\AdPlatform.Api.csproj", "{5575BC77-7847-47C8-8B78-D394C7142068}"
EndProject
Project("{FAE04EC0-301F-11D3-BF4B-00C04F79EFBC}") = "AdPlatform.Domain", "AdPlatform.Domain\AdPlatform.Domain.csproj", "{E2BAD377-F330-4523-B48F-18BA5EF4A4F4}"
EndProject
Project("{FAE04EC0-301F-11D3-BF4B-00C04F79EFBC}") = "AdPlatform.Application", "AdPlatform.Application\AdPlatform.Application.csproj", "{6052692B-B709-4842-8D03-21728522459C}"
EndProject
Project("{FAE04EC0-301F-11D3-BF4B-00C04F79EFBC}") = "AdPlatform.Infrastructure", "AdPlatform.Infrastructure\AdPlatform.Infrastructure.csproj", "{21A8D279-2589-4DA6-AFDD-666564A37510}"
EndProject
Project("{FAE04EC0-301F-11D3-BF4B-00C04F79EFBC}") = "AdPlatform.Tests", "AdPlatform.Tests\AdPlatform.Tests.csproj", "{7B474A99-7AA7-415C-B925-18C10C2B6DEE}"
EndProject
Global
	GlobalSection(SolutionConfigurationPlatforms) = preSolution
		Debug|Any CPU = Debug|Any CPU
		Release|Any CPU = Release|Any CPU
	EndGlobalSection
	GlobalSection(ProjectConfigurationPlatforms) = postSolution
		{5575BC77-7847-47C8-8B78-D394C7142068}.Debug|Any CPU.ActiveCfg = Debug|Any CPU
		{5575BC77-7847-47C8-8B78-D394C7142068}.Debug|Any CPU.Build.0 = Debug|Any CPU
		{5575BC77-7847-47C8-8B78-D394C7142068}.Release|Any CPU.ActiveCfg = Release|Any CPU
		{5575BC77-7847-47C8-8B78-D394C7142068}.Release|Any CPU.Build.0 = Release|Any CPU
		{E2BAD377-F330-4523-B48F-18BA5EF4A4F4}.Debug|Any CPU.ActiveCfg = Debug|Any CPU
		{E2BAD377-F330-4523-B48F-18BA5EF4A4F4}.Debug|Any CPU.Build.0 = Debug|Any CPU
		{E2BAD377-F330-4523-B48F-18BA5EF4A4F4}.Release|Any CPU.ActiveCfg = Release|Any CPU
		{E2BAD377-F330-4523-B48F-18BA5EF4A4F4}.Release|Any CPU.Build.0 = Release|Any CPU
		{6052692B-B709-4842-8D03-21728522459C}.Debug|Any CPU.ActiveCfg = Debug|Any CPU
		{6052692B-B709-4842-8D03-21728522459C}.Debug|Any CPU.Build.0 = Debug|Any CPU
		{6052692B-B709-4842-8D03-21728522459C}.Release|Any CPU.ActiveCfg = Release|Any CPU
		{6052692B-B709-4842-8D03-21728522459C}.Release|Any CPU.Build.0 = Release|Any CPU
		{21A8D279-2589-4DA6-AFDD-666564A37510}.Debug|Any CPU.ActiveCfg = Debug|Any CPU
		{21A8D279-2589-4DA6-AFDD-666564A37510}.Debug|Any CPU.Build.0 = Debug|Any CPU
		{21A8D279-2589-4DA6-AFDD-666564A37510}.Release|Any CPU.ActiveCfg = Release|Any CPU
		{21A8D279-2589-4DA6-AFDD-666564A37510}.Release|Any CPU.Build.0 = Release|Any CPU
		{7B474A99-7AA7-415C-B925-18C10C2B6DEE}.Debug|Any CPU.ActiveCfg = Debug|Any CPU
		{7B474A99-7AA7-415C-B925-18C10C2B6DEE}.Debug|Any CPU.Build.0 = Debug|Any CPU
		{7B474A99-7AA7-415C-B925-18C10C2B6DEE}.Release|Any CPU.ActiveCfg = Release|Any CPU
		{7B474A99-7AA7-415C-B925-18C10C2B6DEE}.Release|Any CPU.Build.0 = Release|Any CPU
	EndGlobalSection
	GlobalSection(SolutionProperties) = preSolution
		HideSolutionNode = FALSE
	EndGlobalSection
	GlobalSection(ExtensibilityGlobals) = postSolution
		SolutionGuid = {E7997D07-3D98-4C32-A726-478764EB10D4}
	EndGlobalSection
EndGlobal
